
Microsoft Visual Studio Solution File, Format Version 12.00
# Visual Studio Version 17
VisualStudioVersion = 17.14.36603.0 d17.14
MinimumVisualStudioVersion = 10.0.40219.1
Project("{FAE04EC0-301F-11D3-BF4B-00C04F79EFBC}") = "PRG2781 (complete)", "PRG2781 (complete)\PRG2781 (complete).csproj", "{75B58C92-E3E2-4763-8A08-FE3CD2DC93E6}"
EndProject
Global
	GlobalSection(SolutionConfigurationPlatforms) = preSolution
		Debug|Any CPU = Debug|Any CPU
		Release|Any CPU = Release|Any CPU
	EndGlobalSection
	GlobalSection(ProjectConfigurationPlatforms) = postSolution
		{75B58C92-E3E2-4763-8A08-FE3CD2DC93E6}.Debug|Any CPU.ActiveCfg = Debug|Any CPU
		{75B58C92-E3E2-4763-8A08-FE3CD2DC93E6}.Debug|Any CPU.Build.0 = Debug|Any CPU
		{75B58C92-E3E2-4763-8A08-FE3CD2DC93E6}.Release|Any CPU.ActiveCfg = Release|Any CPU
		{75B58C92-E3E2-4763-8A08-FE3CD2DC93E6}.Release|Any CPU.Build.0 = Release|Any CPU
	EndGlobalSection
	GlobalSection(SolutionProperties) = preSolution
		HideSolutionNode = FALSE
	EndGlobalSection
	GlobalSection(ExtensibilityGlobals) = postSolution
		SolutionGuid = {68504A01-9A97-471F-BD74-78F46DD1652F}
	EndGlobalSection
EndGlobal
